
Microsoft Visual Studio Solution File, Format Version 12.00
# Visual Studio Version 17
VisualStudioVersion = 17.14.36301.6 d17.14
MinimumVisualStudioVersion = 10.0.40219.1
Project("{FAE04EC0-301F-11D3-BF4B-00C04F79EFBC}") = "Api", "Api.csproj", "{931F49DD-A526-478B-98A0-81F7C3AEF5F7}"
EndProject
Global
	GlobalSection(SolutionConfigurationPlatforms) = preSolution
		Debug|Any CPU = Debug|Any CPU
		Release|Any CPU = Release|Any CPU
	EndGlobalSection
	GlobalSection(ProjectConfigurationPlatforms) = postSolution
		{931F49DD-A526-478B-98A0-81F7C3AEF5F7}.Debug|Any CPU.ActiveCfg = Debug|Any CPU
		{931F49DD-A526-478B-98A0-81F7C3AEF5F7}.Debug|Any CPU.Build.0 = Debug|Any CPU
		{931F49DD-A526-478B-98A0-81F7C3AEF5F7}.Release|Any CPU.ActiveCfg = Release|Any CPU
		{931F49DD-A526-478B-98A0-81F7C3AEF5F7}.Release|Any CPU.Build.0 = Release|Any CPU
	EndGlobalSection
	GlobalSection(SolutionProperties) = preSolution
		HideSolutionNode = FALSE
	EndGlobalSection
	GlobalSection(ExtensibilityGlobals) = postSolution
		SolutionGuid = {245EB833-220E-420D-8E00-747B1FA302FB}
	EndGlobalSection
EndGlobal
